// !$*UTF8*$!
{
	archiveVersion = 1;
	classes = {
	};
	objectVersion = 46;
	objects = {

/* Begin PBXBuildFile section */
		030106730A3B9B240049FED7 /* NSInvocationOCMAdditionsTests.m in Sources */ = {isa = PBXBuildFile; fileRef = 030106470A3B99F20049FED7 /* NSInvocationOCMAdditionsTests.m */; };
		032797870E09F40E006CA665 /* OCHamcrest.framework in Frameworks */ = {isa = PBXBuildFile; fileRef = 032797860E09F40E006CA665 /* OCHamcrest.framework */; };
		032798030E09F8B7006CA665 /* OCMockObjectHamcrestTests.mm in Sources */ = {isa = PBXBuildFile; fileRef = 032798020E09F8B7006CA665 /* OCMockObjectHamcrestTests.mm */; };
		034313EA0CCA7BC700A2E080 /* OCMConstraintTests.m in Sources */ = {isa = PBXBuildFile; fileRef = 034313E90CCA7BC700A2E080 /* OCMConstraintTests.m */; };
		03BF2D4008F1C6BA00978C59 /* SenTestingKit.framework in Frameworks */ = {isa = PBXBuildFile; fileRef = 03BF2D1B08F1C26700978C59 /* SenTestingKit.framework */; };
		03BF2D4108F1C6BC00978C59 /* Foundation.framework in Frameworks */ = {isa = PBXBuildFile; fileRef = 03DE218F06DB91CF00E5A2A8 /* Foundation.framework */; };
		03BF2D5E08F1C82C00978C59 /* OCMockRecorderTests.m in Sources */ = {isa = PBXBuildFile; fileRef = 03DE1F6106DB914100E5A2A8 /* OCMockRecorderTests.m */; };
		03BF2D5F08F1C82D00978C59 /* OCMockObjectTests.m in Sources */ = {isa = PBXBuildFile; fileRef = 03DE1F5F06DB914100E5A2A8 /* OCMockObjectTests.m */; };
		03D880550F8C75980087D071 /* OCObserverMockObjectTest.m in Sources */ = {isa = PBXBuildFile; fileRef = 03D880540F8C75980087D071 /* OCObserverMockObjectTest.m */; };
		C90717201421A05A00C20915 /* Foundation.framework in Frameworks */ = {isa = PBXBuildFile; fileRef = 03DE218F06DB91CF00E5A2A8 /* Foundation.framework */; };
		C907172F1421A39C00C20915 /* OCMockObject.m in Sources */ = {isa = PBXBuildFile; fileRef = 03DE1F5506DB911300E5A2A8 /* OCMockObject.m */; };
		C90717301421A39C00C20915 /* OCClassMockObject.m in Sources */ = {isa = PBXBuildFile; fileRef = 0338A99707BE7C100066DE8A /* OCClassMockObject.m */; };
		C90717311421A39C00C20915 /* OCProtocolMockObject.m in Sources */ = {isa = PBXBuildFile; fileRef = 0338A9EF07BE83B50066DE8A /* OCProtocolMockObject.m */; };
		C90717321421A39C00C20915 /* OCMockRecorder.m in Sources */ = {isa = PBXBuildFile; fileRef = 03DE1F5706DB911300E5A2A8 /* OCMockRecorder.m */; };
		C90717331421A39C00C20915 /* OCMReturnValueProvider.m in Sources */ = {isa = PBXBuildFile; fileRef = 03C36702100D69EB00BE9731 /* OCMReturnValueProvider.m */; };
		C90717341421A39C00C20915 /* OCMBoxedReturnValueProvider.m in Sources */ = {isa = PBXBuildFile; fileRef = 03C36723100D6B9600BE9731 /* OCMBoxedReturnValueProvider.m */; };
		C90717351421A39C00C20915 /* OCMExceptionReturnValueProvider.m in Sources */ = {isa = PBXBuildFile; fileRef = 03C36728100D6C7D00BE9731 /* OCMExceptionReturnValueProvider.m */; };
		C90717361421A39C00C20915 /* OCMIndirectReturnValueProvider.m in Sources */ = {isa = PBXBuildFile; fileRef = 03C3672D100D6D0F00BE9731 /* OCMIndirectReturnValueProvider.m */; };
		C90717371421A39C00C20915 /* OCMNotificationPoster.m in Sources */ = {isa = PBXBuildFile; fileRef = 03C36774100D744700BE9731 /* OCMNotificationPoster.m */; };
		C90717381421A39C00C20915 /* OCMBlockCaller.m in Sources */ = {isa = PBXBuildFile; fileRef = 03CFB08A117B308C00935C1E /* OCMBlockCaller.m */; };
		C90717391421A39C00C20915 /* OCPartialMockObject.m in Sources */ = {isa = PBXBuildFile; fileRef = 03D8822E0FA151E20087D071 /* OCPartialMockObject.m */; };
		C907173A1421A39C00C20915 /* OCPartialMockRecorder.m in Sources */ = {isa = PBXBuildFile; fileRef = 037C13430FCC474D00257C8C /* OCPartialMockRecorder.m */; };
		C907173B1421A39C00C20915 /* OCMRealObjectForwarder.m in Sources */ = {isa = PBXBuildFile; fileRef = 0340A5BA121E973000158484 /* OCMRealObjectForwarder.m */; };
		C907173C1421A39C00C20915 /* OCObserverMockObject.m in Sources */ = {isa = PBXBuildFile; fileRef = 03D8805F0F8C81DE0087D071 /* OCObserverMockObject.m */; };
		C907173D1421A39C00C20915 /* OCMObserverRecorder.m in Sources */ = {isa = PBXBuildFile; fileRef = 03D8815A0F8DB37B0087D071 /* OCMObserverRecorder.m */; };
		C907173E1421A39C00C20915 /* OCMArg.m in Sources */ = {isa = PBXBuildFile; fileRef = 0378606C0F6A32F800A4D9A0 /* OCMArg.m */; };
		C907173F1421A39C00C20915 /* OCMConstraint.m in Sources */ = {isa = PBXBuildFile; fileRef = 0343133C0CCA771800A2E080 /* OCMConstraint.m */; };
		C90717401421A39C00C20915 /* OCMPassByRefSetter.m in Sources */ = {isa = PBXBuildFile; fileRef = 037860E10F6A3D4600A4D9A0 /* OCMPassByRefSetter.m */; };
		C90717411421A39C00C20915 /* NSInvocation+OCMAdditions.m in Sources */ = {isa = PBXBuildFile; fileRef = 03A2D0CA09F01D13008A1AFD /* NSInvocation+OCMAdditions.m */; };
		C90717421421A39C00C20915 /* NSNotificationCenter+OCMAdditions.m in Sources */ = {isa = PBXBuildFile; fileRef = 03D880D40F8DA4750087D071 /* NSNotificationCenter+OCMAdditions.m */; };
		C90717431421A39C00C20915 /* NSMethodSignature+OCMAdditions.m in Sources */ = {isa = PBXBuildFile; fileRef = 03F1FE8810353A5F00E4962C /* NSMethodSignature+OCMAdditions.m */; };
		C90717441421A42800C20915 /* OCMock.h in Headers */ = {isa = PBXBuildFile; fileRef = 03DE21B206DB95C500E5A2A8 /* OCMock.h */; settings = {ATTRIBUTES = (Public, ); }; };
		C90717451421A42800C20915 /* OCMockObject.h in Headers */ = {isa = PBXBuildFile; fileRef = 03DE1F5406DB911300E5A2A8 /* OCMockObject.h */; settings = {ATTRIBUTES = (Public, ); }; };
		C90717461421A42800C20915 /* OCMockRecorder.h in Headers */ = {isa = PBXBuildFile; fileRef = 03DE1F5606DB911300E5A2A8 /* OCMockRecorder.h */; settings = {ATTRIBUTES = (Public, ); }; };
		C90717471421A42800C20915 /* OCMArg.h in Headers */ = {isa = PBXBuildFile; fileRef = 0378606B0F6A32F800A4D9A0 /* OCMArg.h */; settings = {ATTRIBUTES = (Public, ); }; };
		C90717481421A42800C20915 /* OCMConstraint.h in Headers */ = {isa = PBXBuildFile; fileRef = 0343133B0CCA771800A2E080 /* OCMConstraint.h */; settings = {ATTRIBUTES = (Public, ); }; };
		C90717491421A42800C20915 /* NSNotificationCenter+OCMAdditions.h in Headers */ = {isa = PBXBuildFile; fileRef = 03D880D30F8DA4750087D071 /* NSNotificationCenter+OCMAdditions.h */; settings = {ATTRIBUTES = (Public, ); }; };
		C907174A1421A4C300C20915 /* OCClassMockObject.h in Headers */ = {isa = PBXBuildFile; fileRef = 0338A99607BE7C100066DE8A /* OCClassMockObject.h */; };
		C907174B1421A4C300C20915 /* OCProtocolMockObject.h in Headers */ = {isa = PBXBuildFile; fileRef = 0338A9EE07BE83B50066DE8A /* OCProtocolMockObject.h */; };
		C907174C1421A4C300C20915 /* OCMReturnValueProvider.h in Headers */ = {isa = PBXBuildFile; fileRef = 03C36701100D69EB00BE9731 /* OCMReturnValueProvider.h */; };
		C907174D1421A4C300C20915 /* OCMBoxedReturnValueProvider.h in Headers */ = {isa = PBXBuildFile; fileRef = 03C36722100D6B9600BE9731 /* OCMBoxedReturnValueProvider.h */; };
		C907174E1421A4C300C20915 /* OCMExceptionReturnValueProvider.h in Headers */ = {isa = PBXBuildFile; fileRef = 03C36727100D6C7D00BE9731 /* OCMExceptionReturnValueProvider.h */; };
		C907174F1421A4C300C20915 /* OCMIndirectReturnValueProvider.h in Headers */ = {isa = PBXBuildFile; fileRef = 03C3672C100D6D0F00BE9731 /* OCMIndirectReturnValueProvider.h */; };
		C90717501421A4C300C20915 /* OCMNotificationPoster.h in Headers */ = {isa = PBXBuildFile; fileRef = 03C36773100D744700BE9731 /* OCMNotificationPoster.h */; };
		C90717511421A4C300C20915 /* OCMBlockCaller.h in Headers */ = {isa = PBXBuildFile; fileRef = 03CFB089117B308C00935C1E /* OCMBlockCaller.h */; };
		C90717521421A4C300C20915 /* OCPartialMockObject.h in Headers */ = {isa = PBXBuildFile; fileRef = 03D8822D0FA151E10087D071 /* OCPartialMockObject.h */; };
		C90717531421A4C300C20915 /* OCPartialMockRecorder.h in Headers */ = {isa = PBXBuildFile; fileRef = 037C13420FCC474D00257C8C /* OCPartialMockRecorder.h */; };
		C90717541421A4C300C20915 /* OCMRealObjectForwarder.h in Headers */ = {isa = PBXBuildFile; fileRef = 0340A5B9121E973000158484 /* OCMRealObjectForwarder.h */; };
		C90717551421A4C300C20915 /* OCObserverMockObject.h in Headers */ = {isa = PBXBuildFile; fileRef = 03D8805E0F8C81DE0087D071 /* OCObserverMockObject.h */; };
		C90717561421A4C300C20915 /* OCMObserverRecorder.h in Headers */ = {isa = PBXBuildFile; fileRef = 03D881070F8DB0BB0087D071 /* OCMObserverRecorder.h */; };
		C90717571421A4C300C20915 /* OCMPassByRefSetter.h in Headers */ = {isa = PBXBuildFile; fileRef = 037860E00F6A3D4600A4D9A0 /* OCMPassByRefSetter.h */; };
		C90717581421A4C300C20915 /* NSInvocation+OCMAdditions.h in Headers */ = {isa = PBXBuildFile; fileRef = 03A2D0C909F01D13008A1AFD /* NSInvocation+OCMAdditions.h */; };
		C90717591421A4C300C20915 /* NSMethodSignature+OCMAdditions.h in Headers */ = {isa = PBXBuildFile; fileRef = 03F1FE8710353A5F00E4962C /* NSMethodSignature+OCMAdditions.h */; };
		C90717831421BF3D00C20915 /* License.txt in Resources */ = {isa = PBXBuildFile; fileRef = 03DE221606DB97DA00E5A2A8 /* License.txt */; };
		C90717841421BF7300C20915 /* OCMock.h in Headers */ = {isa = PBXBuildFile; fileRef = 03DE21B206DB95C500E5A2A8 /* OCMock.h */; settings = {ATTRIBUTES = (Public, ); }; };
		C90717851421BF7300C20915 /* OCMockObject.h in Headers */ = {isa = PBXBuildFile; fileRef = 03DE1F5406DB911300E5A2A8 /* OCMockObject.h */; settings = {ATTRIBUTES = (Public, ); }; };
		C90717861421BF7300C20915 /* OCClassMockObject.h in Headers */ = {isa = PBXBuildFile; fileRef = 0338A99607BE7C100066DE8A /* OCClassMockObject.h */; };
		C90717871421BF7300C20915 /* OCProtocolMockObject.h in Headers */ = {isa = PBXBuildFile; fileRef = 0338A9EE07BE83B50066DE8A /* OCProtocolMockObject.h */; };
		C90717881421BF7300C20915 /* OCMockRecorder.h in Headers */ = {isa = PBXBuildFile; fileRef = 03DE1F5606DB911300E5A2A8 /* OCMockRecorder.h */; settings = {ATTRIBUTES = (Public, ); }; };
		C90717891421BF7300C20915 /* OCMReturnValueProvider.h in Headers */ = {isa = PBXBuildFile; fileRef = 03C36701100D69EB00BE9731 /* OCMReturnValueProvider.h */; };
		C907178A1421BF7300C20915 /* OCMBoxedReturnValueProvider.h in Headers */ = {isa = PBXBuildFile; fileRef = 03C36722100D6B9600BE9731 /* OCMBoxedReturnValueProvider.h */; };
		C907178B1421BF7300C20915 /* OCMExceptionReturnValueProvider.h in Headers */ = {isa = PBXBuildFile; fileRef = 03C36727100D6C7D00BE9731 /* OCMExceptionReturnValueProvider.h */; };
		C907178C1421BF7300C20915 /* OCMIndirectReturnValueProvider.h in Headers */ = {isa = PBXBuildFile; fileRef = 03C3672C100D6D0F00BE9731 /* OCMIndirectReturnValueProvider.h */; };
		C907178D1421BF7300C20915 /* OCMNotificationPoster.h in Headers */ = {isa = PBXBuildFile; fileRef = 03C36773100D744700BE9731 /* OCMNotificationPoster.h */; };
		C907178E1421BF7300C20915 /* OCMBlockCaller.h in Headers */ = {isa = PBXBuildFile; fileRef = 03CFB089117B308C00935C1E /* OCMBlockCaller.h */; };
		C907178F1421BF7300C20915 /* OCPartialMockObject.h in Headers */ = {isa = PBXBuildFile; fileRef = 03D8822D0FA151E10087D071 /* OCPartialMockObject.h */; };
		C90717901421BF7300C20915 /* OCPartialMockRecorder.h in Headers */ = {isa = PBXBuildFile; fileRef = 037C13420FCC474D00257C8C /* OCPartialMockRecorder.h */; };
		C90717911421BF7300C20915 /* OCMRealObjectForwarder.h in Headers */ = {isa = PBXBuildFile; fileRef = 0340A5B9121E973000158484 /* OCMRealObjectForwarder.h */; };
		C90717921421BF7300C20915 /* OCObserverMockObject.h in Headers */ = {isa = PBXBuildFile; fileRef = 03D8805E0F8C81DE0087D071 /* OCObserverMockObject.h */; };
		C90717931421BF7300C20915 /* OCMObserverRecorder.h in Headers */ = {isa = PBXBuildFile; fileRef = 03D881070F8DB0BB0087D071 /* OCMObserverRecorder.h */; };
		C90717941421BF7300C20915 /* OCMArg.h in Headers */ = {isa = PBXBuildFile; fileRef = 0378606B0F6A32F800A4D9A0 /* OCMArg.h */; settings = {ATTRIBUTES = (Public, ); }; };
		C90717951421BF7300C20915 /* OCMConstraint.h in Headers */ = {isa = PBXBuildFile; fileRef = 0343133B0CCA771800A2E080 /* OCMConstraint.h */; settings = {ATTRIBUTES = (Public, ); }; };
		C90717961421BF7300C20915 /* OCMPassByRefSetter.h in Headers */ = {isa = PBXBuildFile; fileRef = 037860E00F6A3D4600A4D9A0 /* OCMPassByRefSetter.h */; };
		C90717971421BF7300C20915 /* NSInvocation+OCMAdditions.h in Headers */ = {isa = PBXBuildFile; fileRef = 03A2D0C909F01D13008A1AFD /* NSInvocation+OCMAdditions.h */; };
		C90717981421BF7300C20915 /* NSNotificationCenter+OCMAdditions.h in Headers */ = {isa = PBXBuildFile; fileRef = 03D880D30F8DA4750087D071 /* NSNotificationCenter+OCMAdditions.h */; settings = {ATTRIBUTES = (Public, ); }; };
		C90717991421BF7300C20915 /* NSMethodSignature+OCMAdditions.h in Headers */ = {isa = PBXBuildFile; fileRef = 03F1FE8710353A5F00E4962C /* NSMethodSignature+OCMAdditions.h */; };
		C907179A1421BFEC00C20915 /* OCMockObject.m in Sources */ = {isa = PBXBuildFile; fileRef = 03DE1F5506DB911300E5A2A8 /* OCMockObject.m */; };
		C907179B1421BFEC00C20915 /* OCClassMockObject.m in Sources */ = {isa = PBXBuildFile; fileRef = 0338A99707BE7C100066DE8A /* OCClassMockObject.m */; };
		C907179C1421BFEC00C20915 /* OCProtocolMockObject.m in Sources */ = {isa = PBXBuildFile; fileRef = 0338A9EF07BE83B50066DE8A /* OCProtocolMockObject.m */; };
		C907179D1421BFEC00C20915 /* OCMockRecorder.m in Sources */ = {isa = PBXBuildFile; fileRef = 03DE1F5706DB911300E5A2A8 /* OCMockRecorder.m */; };
		C907179E1421BFEC00C20915 /* OCMReturnValueProvider.m in Sources */ = {isa = PBXBuildFile; fileRef = 03C36702100D69EB00BE9731 /* OCMReturnValueProvider.m */; };
		C907179F1421BFEC00C20915 /* OCMBoxedReturnValueProvider.m in Sources */ = {isa = PBXBuildFile; fileRef = 03C36723100D6B9600BE9731 /* OCMBoxedReturnValueProvider.m */; };
		C90717A01421BFEC00C20915 /* OCMExceptionReturnValueProvider.m in Sources */ = {isa = PBXBuildFile; fileRef = 03C36728100D6C7D00BE9731 /* OCMExceptionReturnValueProvider.m */; };
		C90717A11421BFEC00C20915 /* OCMIndirectReturnValueProvider.m in Sources */ = {isa = PBXBuildFile; fileRef = 03C3672D100D6D0F00BE9731 /* OCMIndirectReturnValueProvider.m */; };
		C90717A21421BFEC00C20915 /* OCMNotificationPoster.m in Sources */ = {isa = PBXBuildFile; fileRef = 03C36774100D744700BE9731 /* OCMNotificationPoster.m */; };
		C90717A31421BFEC00C20915 /* OCMBlockCaller.m in Sources */ = {isa = PBXBuildFile; fileRef = 03CFB08A117B308C00935C1E /* OCMBlockCaller.m */; };
		C90717A41421BFEC00C20915 /* OCPartialMockObject.m in Sources */ = {isa = PBXBuildFile; fileRef = 03D8822E0FA151E20087D071 /* OCPartialMockObject.m */; };
		C90717A51421BFEC00C20915 /* OCPartialMockRecorder.m in Sources */ = {isa = PBXBuildFile; fileRef = 037C13430FCC474D00257C8C /* OCPartialMockRecorder.m */; };
		C90717A61421BFEC00C20915 /* OCMRealObjectForwarder.m in Sources */ = {isa = PBXBuildFile; fileRef = 0340A5BA121E973000158484 /* OCMRealObjectForwarder.m */; };
		C90717A71421BFEC00C20915 /* OCObserverMockObject.m in Sources */ = {isa = PBXBuildFile; fileRef = 03D8805F0F8C81DE0087D071 /* OCObserverMockObject.m */; };
		C90717A81421BFEC00C20915 /* OCMObserverRecorder.m in Sources */ = {isa = PBXBuildFile; fileRef = 03D8815A0F8DB37B0087D071 /* OCMObserverRecorder.m */; };
		C90717A91421BFEC00C20915 /* OCMArg.m in Sources */ = {isa = PBXBuildFile; fileRef = 0378606C0F6A32F800A4D9A0 /* OCMArg.m */; };
		C90717AA1421BFEC00C20915 /* OCMConstraint.m in Sources */ = {isa = PBXBuildFile; fileRef = 0343133C0CCA771800A2E080 /* OCMConstraint.m */; };
		C90717AB1421BFEC00C20915 /* OCMPassByRefSetter.m in Sources */ = {isa = PBXBuildFile; fileRef = 037860E10F6A3D4600A4D9A0 /* OCMPassByRefSetter.m */; };
		C90717AC1421BFEC00C20915 /* NSInvocation+OCMAdditions.m in Sources */ = {isa = PBXBuildFile; fileRef = 03A2D0CA09F01D13008A1AFD /* NSInvocation+OCMAdditions.m */; };
		C90717AD1421BFEC00C20915 /* NSNotificationCenter+OCMAdditions.m in Sources */ = {isa = PBXBuildFile; fileRef = 03D880D40F8DA4750087D071 /* NSNotificationCenter+OCMAdditions.m */; };
		C90717AE1421BFEC00C20915 /* NSMethodSignature+OCMAdditions.m in Sources */ = {isa = PBXBuildFile; fileRef = 03F1FE8810353A5F00E4962C /* NSMethodSignature+OCMAdditions.m */; };
		C90717B71421C11600C20915 /* OCMock.framework in Frameworks */ = {isa = PBXBuildFile; fileRef = C907176F1421BED300C20915 /* OCMock.framework */; };
		C90717B91421C2EB00C20915 /* Foundation.framework in Frameworks */ = {isa = PBXBuildFile; fileRef = 03DE218F06DB91CF00E5A2A8 /* Foundation.framework */; };
/* End PBXBuildFile section */

/* Begin PBXContainerItemProxy section */
		C90717AF1421C00300C20915 /* PBXContainerItemProxy */ = {
			isa = PBXContainerItemProxy;
			containerPortal = 0867D690FE84028FC02AAC07 /* Project object */;
			proxyType = 1;
			remoteGlobalIDString = C907176E1421BED300C20915;
			remoteInfo = OCMock;
		};
/* End PBXContainerItemProxy section */

/* Begin PBXFileReference section */
		030106470A3B99F20049FED7 /* NSInvocationOCMAdditionsTests.m */ = {isa = PBXFileReference; fileEncoding = 4; lastKnownFileType = sourcecode.c.objc; path = NSInvocationOCMAdditionsTests.m; sourceTree = "<group>"; };
		032797860E09F40E006CA665 /* OCHamcrest.framework */ = {isa = PBXFileReference; lastKnownFileType = wrapper.framework; name = OCHamcrest.framework; path = Frameworks/OCHamcrest.framework; sourceTree = BUILT_PRODUCTS_DIR; };
		032798010E09F8B7006CA665 /* OCMockObjectHamcrestTests.h */ = {isa = PBXFileReference; fileEncoding = 4; lastKnownFileType = sourcecode.c.h; path = OCMockObjectHamcrestTests.h; sourceTree = "<group>"; };
		032798020E09F8B7006CA665 /* OCMockObjectHamcrestTests.mm */ = {isa = PBXFileReference; fileEncoding = 4; lastKnownFileType = sourcecode.cpp.objcpp; path = OCMockObjectHamcrestTests.mm; sourceTree = "<group>"; };
		0338A99607BE7C100066DE8A /* OCClassMockObject.h */ = {isa = PBXFileReference; fileEncoding = 4; lastKnownFileType = sourcecode.c.h; path = OCClassMockObject.h; sourceTree = "<group>"; };
		0338A99707BE7C100066DE8A /* OCClassMockObject.m */ = {isa = PBXFileReference; fileEncoding = 4; lastKnownFileType = sourcecode.c.objc; path = OCClassMockObject.m; sourceTree = "<group>"; };
		0338A9EE07BE83B50066DE8A /* OCProtocolMockObject.h */ = {isa = PBXFileReference; fileEncoding = 4; lastKnownFileType = sourcecode.c.h; path = OCProtocolMockObject.h; sourceTree = "<group>"; };
		0338A9EF07BE83B50066DE8A /* OCProtocolMockObject.m */ = {isa = PBXFileReference; fileEncoding = 4; lastKnownFileType = sourcecode.c.objc; path = OCProtocolMockObject.m; sourceTree = "<group>"; };
		0340A5B9121E973000158484 /* OCMRealObjectForwarder.h */ = {isa = PBXFileReference; fileEncoding = 4; lastKnownFileType = sourcecode.c.h; path = OCMRealObjectForwarder.h; sourceTree = "<group>"; };
		0340A5BA121E973000158484 /* OCMRealObjectForwarder.m */ = {isa = PBXFileReference; fileEncoding = 4; lastKnownFileType = sourcecode.c.objc; path = OCMRealObjectForwarder.m; sourceTree = "<group>"; };
		0343133B0CCA771800A2E080 /* OCMConstraint.h */ = {isa = PBXFileReference; fileEncoding = 30; lastKnownFileType = sourcecode.c.h; path = OCMConstraint.h; sourceTree = "<group>"; };
		0343133C0CCA771800A2E080 /* OCMConstraint.m */ = {isa = PBXFileReference; fileEncoding = 30; lastKnownFileType = sourcecode.c.objc; path = OCMConstraint.m; sourceTree = "<group>"; };
		034313E80CCA7BC700A2E080 /* OCMConstraintTests.h */ = {isa = PBXFileReference; fileEncoding = 4; lastKnownFileType = sourcecode.c.h; path = OCMConstraintTests.h; sourceTree = "<group>"; };
		034313E90CCA7BC700A2E080 /* OCMConstraintTests.m */ = {isa = PBXFileReference; fileEncoding = 4; lastKnownFileType = sourcecode.c.objc; path = OCMConstraintTests.m; sourceTree = "<group>"; };
		0378606B0F6A32F800A4D9A0 /* OCMArg.h */ = {isa = PBXFileReference; fileEncoding = 4; lastKnownFileType = sourcecode.c.h; path = OCMArg.h; sourceTree = "<group>"; };
		0378606C0F6A32F800A4D9A0 /* OCMArg.m */ = {isa = PBXFileReference; fileEncoding = 4; lastKnownFileType = sourcecode.c.objc; path = OCMArg.m; sourceTree = "<group>"; };
		037860E00F6A3D4600A4D9A0 /* OCMPassByRefSetter.h */ = {isa = PBXFileReference; fileEncoding = 4; lastKnownFileType = sourcecode.c.h; path = OCMPassByRefSetter.h; sourceTree = "<group>"; };
		037860E10F6A3D4600A4D9A0 /* OCMPassByRefSetter.m */ = {isa = PBXFileReference; fileEncoding = 4; lastKnownFileType = sourcecode.c.objc; path = OCMPassByRefSetter.m; sourceTree = "<group>"; };
		037C13420FCC474D00257C8C /* OCPartialMockRecorder.h */ = {isa = PBXFileReference; fileEncoding = 4; lastKnownFileType = sourcecode.c.h; path = OCPartialMockRecorder.h; sourceTree = "<group>"; };
		037C13430FCC474D00257C8C /* OCPartialMockRecorder.m */ = {isa = PBXFileReference; fileEncoding = 4; lastKnownFileType = sourcecode.c.objc; path = OCPartialMockRecorder.m; sourceTree = "<group>"; };
		03A2D0C909F01D13008A1AFD /* NSInvocation+OCMAdditions.h */ = {isa = PBXFileReference; explicitFileType = sourcecode.c.h; fileEncoding = 4; path = "NSInvocation+OCMAdditions.h"; sourceTree = "<group>"; };
		03A2D0CA09F01D13008A1AFD /* NSInvocation+OCMAdditions.m */ = {isa = PBXFileReference; fileEncoding = 4; lastKnownFileType = sourcecode.c.objc; path = "NSInvocation+OCMAdditions.m"; sourceTree = "<group>"; };
		03A2D1F809F1533C008A1AFD /* NSInvocationOCMAdditionsTests.h */ = {isa = PBXFileReference; fileEncoding = 30; lastKnownFileType = sourcecode.c.h; path = NSInvocationOCMAdditionsTests.h; sourceTree = "<group>"; };
		03BF2D1B08F1C26700978C59 /* SenTestingKit.framework */ = {isa = PBXFileReference; lastKnownFileType = wrapper.framework; name = SenTestingKit.framework; path = Library/Frameworks/SenTestingKit.framework; sourceTree = DEVELOPER_DIR; };
		03BF2D3708F1C69500978C59 /* OCMockTests.octest */ = {isa = PBXFileReference; explicitFileType = wrapper.cfbundle; includeInIndex = 0; path = OCMockTests.octest; sourceTree = BUILT_PRODUCTS_DIR; };
		03BF2D3808F1C69500978C59 /* OCMockTests-Info.plist */ = {isa = PBXFileReference; explicitFileType = text.plist.xml; path = "OCMockTests-Info.plist"; sourceTree = "<group>"; };
		03C36701100D69EB00BE9731 /* OCMReturnValueProvider.h */ = {isa = PBXFileReference; fileEncoding = 4; lastKnownFileType = sourcecode.c.h; path = OCMReturnValueProvider.h; sourceTree = "<group>"; };
		03C36702100D69EB00BE9731 /* OCMReturnValueProvider.m */ = {isa = PBXFileReference; fileEncoding = 4; lastKnownFileType = sourcecode.c.objc; path = OCMReturnValueProvider.m; sourceTree = "<group>"; };
		03C36722100D6B9600BE9731 /* OCMBoxedReturnValueProvider.h */ = {isa = PBXFileReference; fileEncoding = 4; lastKnownFileType = sourcecode.c.h; path = OCMBoxedReturnValueProvider.h; sourceTree = "<group>"; };
		03C36723100D6B9600BE9731 /* OCMBoxedReturnValueProvider.m */ = {isa = PBXFileReference; fileEncoding = 4; lastKnownFileType = sourcecode.c.objc; path = OCMBoxedReturnValueProvider.m; sourceTree = "<group>"; };
		03C36727100D6C7D00BE9731 /* OCMExceptionReturnValueProvider.h */ = {isa = PBXFileReference; fileEncoding = 4; lastKnownFileType = sourcecode.c.h; path = OCMExceptionReturnValueProvider.h; sourceTree = "<group>"; };
		03C36728100D6C7D00BE9731 /* OCMExceptionReturnValueProvider.m */ = {isa = PBXFileReference; fileEncoding = 4; lastKnownFileType = sourcecode.c.objc; path = OCMExceptionReturnValueProvider.m; sourceTree = "<group>"; };
		03C3672C100D6D0F00BE9731 /* OCMIndirectReturnValueProvider.h */ = {isa = PBXFileReference; fileEncoding = 4; lastKnownFileType = sourcecode.c.h; path = OCMIndirectReturnValueProvider.h; sourceTree = "<group>"; };
		03C3672D100D6D0F00BE9731 /* OCMIndirectReturnValueProvider.m */ = {isa = PBXFileReference; fileEncoding = 4; lastKnownFileType = sourcecode.c.objc; path = OCMIndirectReturnValueProvider.m; sourceTree = "<group>"; };
		03C36773100D744700BE9731 /* OCMNotificationPoster.h */ = {isa = PBXFileReference; fileEncoding = 4; lastKnownFileType = sourcecode.c.h; path = OCMNotificationPoster.h; sourceTree = "<group>"; };
		03C36774100D744700BE9731 /* OCMNotificationPoster.m */ = {isa = PBXFileReference; fileEncoding = 4; lastKnownFileType = sourcecode.c.objc; path = OCMNotificationPoster.m; sourceTree = "<group>"; };
		03CFB089117B308C00935C1E /* OCMBlockCaller.h */ = {isa = PBXFileReference; fileEncoding = 4; lastKnownFileType = sourcecode.c.h; path = OCMBlockCaller.h; sourceTree = "<group>"; };
		03CFB08A117B308C00935C1E /* OCMBlockCaller.m */ = {isa = PBXFileReference; fileEncoding = 4; lastKnownFileType = sourcecode.c.objc; path = OCMBlockCaller.m; sourceTree = "<group>"; };
		03D65B47094CA23B00DF6687 /* Changes.txt */ = {isa = PBXFileReference; fileEncoding = 4; lastKnownFileType = text; path = Changes.txt; sourceTree = "<group>"; };
		03D880530F8C75980087D071 /* OCObserverMockObjectTest.h */ = {isa = PBXFileReference; fileEncoding = 4; lastKnownFileType = sourcecode.c.h; path = OCObserverMockObjectTest.h; sourceTree = "<group>"; };
		03D880540F8C75980087D071 /* OCObserverMockObjectTest.m */ = {isa = PBXFileReference; fileEncoding = 4; lastKnownFileType = sourcecode.c.objc; path = OCObserverMockObjectTest.m; sourceTree = "<group>"; };
		03D8805E0F8C81DE0087D071 /* OCObserverMockObject.h */ = {isa = PBXFileReference; fileEncoding = 4; lastKnownFileType = sourcecode.c.h; path = OCObserverMockObject.h; sourceTree = "<group>"; };
		03D8805F0F8C81DE0087D071 /* OCObserverMockObject.m */ = {isa = PBXFileReference; fileEncoding = 4; lastKnownFileType = sourcecode.c.objc; path = OCObserverMockObject.m; sourceTree = "<group>"; };
		03D880D30F8DA4750087D071 /* NSNotificationCenter+OCMAdditions.h */ = {isa = PBXFileReference; fileEncoding = 4; lastKnownFileType = sourcecode.c.h; path = "NSNotificationCenter+OCMAdditions.h"; sourceTree = "<group>"; };
		03D880D40F8DA4750087D071 /* NSNotificationCenter+OCMAdditions.m */ = {isa = PBXFileReference; fileEncoding = 4; lastKnownFileType = sourcecode.c.objc; path = "NSNotificationCenter+OCMAdditions.m"; sourceTree = "<group>"; };
		03D881070F8DB0BB0087D071 /* OCMObserverRecorder.h */ = {isa = PBXFileReference; fileEncoding = 4; lastKnownFileType = sourcecode.c.h; path = OCMObserverRecorder.h; sourceTree = "<group>"; };
		03D8815A0F8DB37B0087D071 /* OCMObserverRecorder.m */ = {isa = PBXFileReference; fileEncoding = 4; lastKnownFileType = sourcecode.c.objc; path = OCMObserverRecorder.m; sourceTree = "<group>"; };
		03D8822D0FA151E10087D071 /* OCPartialMockObject.h */ = {isa = PBXFileReference; fileEncoding = 4; lastKnownFileType = sourcecode.c.h; path = OCPartialMockObject.h; sourceTree = "<group>"; };
		03D8822E0FA151E20087D071 /* OCPartialMockObject.m */ = {isa = PBXFileReference; fileEncoding = 4; lastKnownFileType = sourcecode.c.objc; path = OCPartialMockObject.m; sourceTree = "<group>"; };
		03DE1F5406DB911300E5A2A8 /* OCMockObject.h */ = {isa = PBXFileReference; fileEncoding = 30; lastKnownFileType = sourcecode.c.h; path = OCMockObject.h; sourceTree = "<group>"; };
		03DE1F5506DB911300E5A2A8 /* OCMockObject.m */ = {isa = PBXFileReference; fileEncoding = 30; lastKnownFileType = sourcecode.c.objc; path = OCMockObject.m; sourceTree = "<group>"; };
		03DE1F5606DB911300E5A2A8 /* OCMockRecorder.h */ = {isa = PBXFileReference; fileEncoding = 30; lastKnownFileType = sourcecode.c.h; path = OCMockRecorder.h; sourceTree = "<group>"; };
		03DE1F5706DB911300E5A2A8 /* OCMockRecorder.m */ = {isa = PBXFileReference; fileEncoding = 30; lastKnownFileType = sourcecode.c.objc; path = OCMockRecorder.m; sourceTree = "<group>"; };
		03DE1F5E06DB914100E5A2A8 /* OCMockObjectTests.h */ = {isa = PBXFileReference; fileEncoding = 30; lastKnownFileType = sourcecode.c.h; path = OCMockObjectTests.h; sourceTree = "<group>"; };
		03DE1F5F06DB914100E5A2A8 /* OCMockObjectTests.m */ = {isa = PBXFileReference; fileEncoding = 30; lastKnownFileType = sourcecode.c.objc; path = OCMockObjectTests.m; sourceTree = "<group>"; };
		03DE1F6006DB914100E5A2A8 /* OCMockRecorderTests.h */ = {isa = PBXFileReference; fileEncoding = 30; lastKnownFileType = sourcecode.c.h; path = OCMockRecorderTests.h; sourceTree = "<group>"; };
		03DE1F6106DB914100E5A2A8 /* OCMockRecorderTests.m */ = {isa = PBXFileReference; fileEncoding = 30; lastKnownFileType = sourcecode.c.objc; path = OCMockRecorderTests.m; sourceTree = "<group>"; };
		03DE218F06DB91CF00E5A2A8 /* Foundation.framework */ = {isa = PBXFileReference; lastKnownFileType = wrapper.framework; name = Foundation.framework; path = System/Library/Frameworks/Foundation.framework; sourceTree = SDKROOT; };
		03DE21B206DB95C500E5A2A8 /* OCMock.h */ = {isa = PBXFileReference; fileEncoding = 4; lastKnownFileType = sourcecode.c.h; path = OCMock.h; sourceTree = "<group>"; };
		03DE221606DB97DA00E5A2A8 /* License.txt */ = {isa = PBXFileReference; fileEncoding = 4; lastKnownFileType = text; path = License.txt; sourceTree = "<group>"; };
		03F1FE8710353A5F00E4962C /* NSMethodSignature+OCMAdditions.h */ = {isa = PBXFileReference; fileEncoding = 4; lastKnownFileType = sourcecode.c.h; path = "NSMethodSignature+OCMAdditions.h"; sourceTree = "<group>"; };
		03F1FE8810353A5F00E4962C /* NSMethodSignature+OCMAdditions.m */ = {isa = PBXFileReference; fileEncoding = 4; lastKnownFileType = sourcecode.c.objc; path = "NSMethodSignature+OCMAdditions.m"; sourceTree = "<group>"; };
		32DBCF5E0370ADEE00C91783 /* OCMock-Prefix.pch */ = {isa = PBXFileReference; fileEncoding = 4; lastKnownFileType = sourcecode.c.h; path = "OCMock-Prefix.pch"; sourceTree = "<group>"; };
		8DC2EF5A0486A6940098B216 /* OCMock-Info.plist */ = {isa = PBXFileReference; explicitFileType = text.plist.xml; fileEncoding = 4; path = "OCMock-Info.plist"; sourceTree = "<group>"; };
		C90716D314214C2300C20915 /* README.md */ = {isa = PBXFileReference; lastKnownFileType = text; path = README.md; sourceTree = "<group>"; };
		C907171F1421A05A00C20915 /* libOCMock.a */ = {isa = PBXFileReference; explicitFileType = archive.ar; includeInIndex = 0; path = libOCMock.a; sourceTree = BUILT_PRODUCTS_DIR; };
		C907176F1421BED300C20915 /* OCMock.framework */ = {isa = PBXFileReference; explicitFileType = wrapper.framework; includeInIndex = 0; path = OCMock.framework; sourceTree = BUILT_PRODUCTS_DIR; };
/* End PBXFileReference section */

/* Begin PBXFrameworksBuildPhase section */
		03BF2D3408F1C69500978C59 /* Frameworks */ = {
			isa = PBXFrameworksBuildPhase;
			buildActionMask = 2147483647;
			files = (
				03BF2D4108F1C6BC00978C59 /* Foundation.framework in Frameworks */,
				03BF2D4008F1C6BA00978C59 /* SenTestingKit.framework in Frameworks */,
				C90717B71421C11600C20915 /* OCMock.framework in Frameworks */,
				032797870E09F40E006CA665 /* OCHamcrest.framework in Frameworks */,
			);
			runOnlyForDeploymentPostprocessing = 0;
		};
		C907171C1421A05A00C20915 /* Frameworks */ = {
			isa = PBXFrameworksBuildPhase;
			buildActionMask = 2147483647;
			files = (
				C90717201421A05A00C20915 /* Foundation.framework in Frameworks */,
			);
			runOnlyForDeploymentPostprocessing = 0;
		};
		C907176B1421BED300C20915 /* Frameworks */ = {
			isa = PBXFrameworksBuildPhase;
			buildActionMask = 2147483647;
			files = (
				C90717B91421C2EB00C20915 /* Foundation.framework in Frameworks */,
			);
			runOnlyForDeploymentPostprocessing = 0;
		};
/* End PBXFrameworksBuildPhase section */

/* Begin PBXGroup section */
		0340A5CD121E9BF500158484 /* Invocation Handler */ = {
			isa = PBXGroup;
			children = (
				0340A5B9121E973000158484 /* OCMRealObjectForwarder.h */,
				0340A5BA121E973000158484 /* OCMRealObjectForwarder.m */,
			);
			name = "Invocation Handler";
			sourceTree = "<group>";
		};
		034768DFFF38A50411DB9C8B /* Products */ = {
			isa = PBXGroup;
			children = (
				03BF2D3708F1C69500978C59 /* OCMockTests.octest */,
				C907171F1421A05A00C20915 /* libOCMock.a */,
				C907176F1421BED300C20915 /* OCMock.framework */,
			);
			name = Products;
			sourceTree = "<group>";
		};
		037C13470FCC475500257C8C /* Core Mocks */ = {
			isa = PBXGroup;
			children = (
				03DE1F5406DB911300E5A2A8 /* OCMockObject.h */,
				03DE1F5506DB911300E5A2A8 /* OCMockObject.m */,
				0338A99607BE7C100066DE8A /* OCClassMockObject.h */,
				0338A99707BE7C100066DE8A /* OCClassMockObject.m */,
				0338A9EE07BE83B50066DE8A /* OCProtocolMockObject.h */,
				0338A9EF07BE83B50066DE8A /* OCProtocolMockObject.m */,
				03DE1F5606DB911300E5A2A8 /* OCMockRecorder.h */,
				03DE1F5706DB911300E5A2A8 /* OCMockRecorder.m */,
				03C366FB100D68F100BE9731 /* Invocation Handler */,
			);
			name = "Core Mocks";
			sourceTree = "<group>";
		};
		037C13480FCC478500257C8C /* Partial Mocks */ = {
			isa = PBXGroup;
			children = (
				03D8822D0FA151E10087D071 /* OCPartialMockObject.h */,
				03D8822E0FA151E20087D071 /* OCPartialMockObject.m */,
				037C13420FCC474D00257C8C /* OCPartialMockRecorder.h */,
				037C13430FCC474D00257C8C /* OCPartialMockRecorder.m */,
				0340A5CD121E9BF500158484 /* Invocation Handler */,
			);
			name = "Partial Mocks";
			sourceTree = "<group>";
		};
		037C13490FCC479D00257C8C /* Observer Mocks */ = {
			isa = PBXGroup;
			children = (
				03D8805E0F8C81DE0087D071 /* OCObserverMockObject.h */,
				03D8805F0F8C81DE0087D071 /* OCObserverMockObject.m */,
				03D881070F8DB0BB0087D071 /* OCMObserverRecorder.h */,
				03D8815A0F8DB37B0087D071 /* OCMObserverRecorder.m */,
			);
			name = "Observer Mocks";
			sourceTree = "<group>";
		};
		037C134A0FCC47B500257C8C /* Argument Handling */ = {
			isa = PBXGroup;
			children = (
				0378606B0F6A32F800A4D9A0 /* OCMArg.h */,
				0378606C0F6A32F800A4D9A0 /* OCMArg.m */,
				0343133B0CCA771800A2E080 /* OCMConstraint.h */,
				0343133C0CCA771800A2E080 /* OCMConstraint.m */,
				037860E00F6A3D4600A4D9A0 /* OCMPassByRefSetter.h */,
				037860E10F6A3D4600A4D9A0 /* OCMPassByRefSetter.m */,
			);
			name = "Argument Handling";
			sourceTree = "<group>";
		};
		037C134B0FCC47CA00257C8C /* Foundation Additions */ = {
			isa = PBXGroup;
			children = (
				03A2D0C909F01D13008A1AFD /* NSInvocation+OCMAdditions.h */,
				03A2D0CA09F01D13008A1AFD /* NSInvocation+OCMAdditions.m */,
				03D880D30F8DA4750087D071 /* NSNotificationCenter+OCMAdditions.h */,
				03D880D40F8DA4750087D071 /* NSNotificationCenter+OCMAdditions.m */,
				03F1FE8710353A5F00E4962C /* NSMethodSignature+OCMAdditions.h */,
				03F1FE8810353A5F00E4962C /* NSMethodSignature+OCMAdditions.m */,
			);
			name = "Foundation Additions";
			sourceTree = "<group>";
		};
		03C366FB100D68F100BE9731 /* Invocation Handler */ = {
			isa = PBXGroup;
			children = (
				03C36701100D69EB00BE9731 /* OCMReturnValueProvider.h */,
				03C36702100D69EB00BE9731 /* OCMReturnValueProvider.m */,
				03C36722100D6B9600BE9731 /* OCMBoxedReturnValueProvider.h */,
				03C36723100D6B9600BE9731 /* OCMBoxedReturnValueProvider.m */,
				03C36727100D6C7D00BE9731 /* OCMExceptionReturnValueProvider.h */,
				03C36728100D6C7D00BE9731 /* OCMExceptionReturnValueProvider.m */,
				03C3672C100D6D0F00BE9731 /* OCMIndirectReturnValueProvider.h */,
				03C3672D100D6D0F00BE9731 /* OCMIndirectReturnValueProvider.m */,
				03C36773100D744700BE9731 /* OCMNotificationPoster.h */,
				03C36774100D744700BE9731 /* OCMNotificationPoster.m */,
				03CFB089117B308C00935C1E /* OCMBlockCaller.h */,
				03CFB08A117B308C00935C1E /* OCMBlockCaller.m */,
			);
			name = "Invocation Handler";
			sourceTree = "<group>";
		};
		03DE1F5D06DB911C00E5A2A8 /* OCMockTests */ = {
			isa = PBXGroup;
			children = (
				03DE1F5E06DB914100E5A2A8 /* OCMockObjectTests.h */,
				03DE1F5F06DB914100E5A2A8 /* OCMockObjectTests.m */,
				032798010E09F8B7006CA665 /* OCMockObjectHamcrestTests.h */,
				032798020E09F8B7006CA665 /* OCMockObjectHamcrestTests.mm */,
				03D880530F8C75980087D071 /* OCObserverMockObjectTest.h */,
				03D880540F8C75980087D071 /* OCObserverMockObjectTest.m */,
				03DE1F6006DB914100E5A2A8 /* OCMockRecorderTests.h */,
				03DE1F6106DB914100E5A2A8 /* OCMockRecorderTests.m */,
				034313E80CCA7BC700A2E080 /* OCMConstraintTests.h */,
				034313E90CCA7BC700A2E080 /* OCMConstraintTests.m */,
				03A2D1F809F1533C008A1AFD /* NSInvocationOCMAdditionsTests.h */,
				030106470A3B99F20049FED7 /* NSInvocationOCMAdditionsTests.m */,
				C9842F01140D8818000A5924 /* Supporting Files */,
			);
			path = OCMockTests;
			sourceTree = "<group>";
		};
		0867D691FE84028FC02AAC07 /* OCMock */ = {
			isa = PBXGroup;
			children = (
				08FB77AEFE84172EC02AAC07 /* OCMock */,
				03DE1F5D06DB911C00E5A2A8 /* OCMockTests */,
				0867D69AFE84028FC02AAC07 /* Frameworks */,
				034768DFFF38A50411DB9C8B /* Products */,
				03D65B47094CA23B00DF6687 /* Changes.txt */,
				03DE221606DB97DA00E5A2A8 /* License.txt */,
				C90716D314214C2300C20915 /* README.md */,
			);
			name = OCMock;
			sourceTree = "<group>";
		};
		0867D69AFE84028FC02AAC07 /* Frameworks */ = {
			isa = PBXGroup;
			children = (
				03DE218F06DB91CF00E5A2A8 /* Foundation.framework */,
				03BF2D1B08F1C26700978C59 /* SenTestingKit.framework */,
				032797860E09F40E006CA665 /* OCHamcrest.framework */,
			);
			name = Frameworks;
			sourceTree = "<group>";
		};
		08FB77AEFE84172EC02AAC07 /* OCMock */ = {
			isa = PBXGroup;
			children = (
				03DE21B206DB95C500E5A2A8 /* OCMock.h */,
				037C13470FCC475500257C8C /* Core Mocks */,
				037C13480FCC478500257C8C /* Partial Mocks */,
				037C13490FCC479D00257C8C /* Observer Mocks */,
				037C134A0FCC47B500257C8C /* Argument Handling */,
				037C134B0FCC47CA00257C8C /* Foundation Additions */,
				32C88DFF0371C24200C91783 /* Supporting Files */,
			);
			path = OCMock;
			sourceTree = "<group>";
		};
		32C88DFF0371C24200C91783 /* Supporting Files */ = {
			isa = PBXGroup;
			children = (
				8DC2EF5A0486A6940098B216 /* OCMock-Info.plist */,
				32DBCF5E0370ADEE00C91783 /* OCMock-Prefix.pch */,
			);
			name = "Supporting Files";
			sourceTree = "<group>";
		};
		C9842F01140D8818000A5924 /* Supporting Files */ = {
			isa = PBXGroup;
			children = (
				03BF2D3808F1C69500978C59 /* OCMockTests-Info.plist */,
			);
			name = "Supporting Files";
			sourceTree = "<group>";
		};
/* End PBXGroup section */

/* Begin PBXHeadersBuildPhase section */
		C907171D1421A05A00C20915 /* Headers */ = {
			isa = PBXHeadersBuildPhase;
			buildActionMask = 2147483647;
			files = (
				C90717441421A42800C20915 /* OCMock.h in Headers */,
				C90717451421A42800C20915 /* OCMockObject.h in Headers */,
				C90717461421A42800C20915 /* OCMockRecorder.h in Headers */,
				C90717471421A42800C20915 /* OCMArg.h in Headers */,
				C90717481421A42800C20915 /* OCMConstraint.h in Headers */,
				C90717491421A42800C20915 /* NSNotificationCenter+OCMAdditions.h in Headers */,
				C907174A1421A4C300C20915 /* OCClassMockObject.h in Headers */,
				C907174B1421A4C300C20915 /* OCProtocolMockObject.h in Headers */,
				C907174C1421A4C300C20915 /* OCMReturnValueProvider.h in Headers */,
				C907174D1421A4C300C20915 /* OCMBoxedReturnValueProvider.h in Headers */,
				C907174E1421A4C300C20915 /* OCMExceptionReturnValueProvider.h in Headers */,
				C907174F1421A4C300C20915 /* OCMIndirectReturnValueProvider.h in Headers */,
				C90717501421A4C300C20915 /* OCMNotificationPoster.h in Headers */,
				C90717511421A4C300C20915 /* OCMBlockCaller.h in Headers */,
				C90717521421A4C300C20915 /* OCPartialMockObject.h in Headers */,
				C90717531421A4C300C20915 /* OCPartialMockRecorder.h in Headers */,
				C90717541421A4C300C20915 /* OCMRealObjectForwarder.h in Headers */,
				C90717551421A4C300C20915 /* OCObserverMockObject.h in Headers */,
				C90717561421A4C300C20915 /* OCMObserverRecorder.h in Headers */,
				C90717571421A4C300C20915 /* OCMPassByRefSetter.h in Headers */,
				C90717581421A4C300C20915 /* NSInvocation+OCMAdditions.h in Headers */,
				C90717591421A4C300C20915 /* NSMethodSignature+OCMAdditions.h in Headers */,
			);
			runOnlyForDeploymentPostprocessing = 0;
		};
		C907176C1421BED300C20915 /* Headers */ = {
			isa = PBXHeadersBuildPhase;
			buildActionMask = 2147483647;
			files = (
				C90717841421BF7300C20915 /* OCMock.h in Headers */,
				C90717851421BF7300C20915 /* OCMockObject.h in Headers */,
				C90717881421BF7300C20915 /* OCMockRecorder.h in Headers */,
				C90717941421BF7300C20915 /* OCMArg.h in Headers */,
				C90717951421BF7300C20915 /* OCMConstraint.h in Headers */,
				C90717981421BF7300C20915 /* NSNotificationCenter+OCMAdditions.h in Headers */,
				C90717861421BF7300C20915 /* OCClassMockObject.h in Headers */,
				C90717871421BF7300C20915 /* OCProtocolMockObject.h in Headers */,
				C90717891421BF7300C20915 /* OCMReturnValueProvider.h in Headers */,
				C907178A1421BF7300C20915 /* OCMBoxedReturnValueProvider.h in Headers */,
				C907178B1421BF7300C20915 /* OCMExceptionReturnValueProvider.h in Headers */,
				C907178C1421BF7300C20915 /* OCMIndirectReturnValueProvider.h in Headers */,
				C907178D1421BF7300C20915 /* OCMNotificationPoster.h in Headers */,
				C907178E1421BF7300C20915 /* OCMBlockCaller.h in Headers */,
				C907178F1421BF7300C20915 /* OCPartialMockObject.h in Headers */,
				C90717901421BF7300C20915 /* OCPartialMockRecorder.h in Headers */,
				C90717911421BF7300C20915 /* OCMRealObjectForwarder.h in Headers */,
				C90717921421BF7300C20915 /* OCObserverMockObject.h in Headers */,
				C90717931421BF7300C20915 /* OCMObserverRecorder.h in Headers */,
				C90717961421BF7300C20915 /* OCMPassByRefSetter.h in Headers */,
				C90717971421BF7300C20915 /* NSInvocation+OCMAdditions.h in Headers */,
				C90717991421BF7300C20915 /* NSMethodSignature+OCMAdditions.h in Headers */,
			);
			runOnlyForDeploymentPostprocessing = 0;
		};
/* End PBXHeadersBuildPhase section */

/* Begin PBXNativeTarget section */
		03BF2D3608F1C69500978C59 /* OCMockTests */ = {
			isa = PBXNativeTarget;
			buildConfigurationList = 03BF2D3B08F1C69600978C59 /* Build configuration list for PBXNativeTarget "OCMockTests" */;
			buildPhases = (
				032798EB0E0A0583006CA665 /* ShellScript */,
				03BF2D3208F1C69500978C59 /* Resources */,
				03BF2D3308F1C69500978C59 /* Sources */,
				03BF2D3408F1C69500978C59 /* Frameworks */,
				03BF2D3508F1C69500978C59 /* Run Script */,
			);
			buildRules = (
			);
			dependencies = (
				C90717B01421C00300C20915 /* PBXTargetDependency */,
			);
			name = OCMockTests;
			productName = Test;
			productReference = 03BF2D3708F1C69500978C59 /* OCMockTests.octest */;
			productType = "com.apple.product-type.bundle";
		};
		C907171E1421A05A00C20915 /* OCMockTouch */ = {
			isa = PBXNativeTarget;
			buildConfigurationList = C90717291421A05A00C20915 /* Build configuration list for PBXNativeTarget "OCMockTouch" */;
			buildPhases = (
				C907171B1421A05A00C20915 /* Sources */,
				C907171C1421A05A00C20915 /* Frameworks */,
				C907171D1421A05A00C20915 /* Headers */,
			);
			buildRules = (
			);
			dependencies = (
			);
			name = OCMockTouch;
			productName = OCMockTouch;
			productReference = C907171F1421A05A00C20915 /* libOCMock.a */;
			productType = "com.apple.product-type.library.static";
		};
		C907176E1421BED300C20915 /* OCMock */ = {
			isa = PBXNativeTarget;
			buildConfigurationList = C90717801421BED300C20915 /* Build configuration list for PBXNativeTarget "OCMock" */;
			buildPhases = (
				C907176A1421BED300C20915 /* Sources */,
				C907176B1421BED300C20915 /* Frameworks */,
				C907176C1421BED300C20915 /* Headers */,
				C907176D1421BED300C20915 /* Resources */,
			);
			buildRules = (
			);
			dependencies = (
			);
			name = OCMock;
			productName = OCMock;
			productReference = C907176F1421BED300C20915 /* OCMock.framework */;
			productType = "com.apple.product-type.framework";
		};
/* End PBXNativeTarget section */

/* Begin PBXProject section */
		0867D690FE84028FC02AAC07 /* Project object */ = {
			isa = PBXProject;
			attributes = {
				LastUpgradeCheck = 0420;
				ORGANIZATIONNAME = "Mulle Kybernetik";
			};
			buildConfigurationList = 03DFEE1208F04987002E8661 /* Build configuration list for PBXProject "OCMock" */;
			compatibilityVersion = "Xcode 3.2";
			developmentRegion = English;
			hasScannedForEncodings = 1;
			knownRegions = (
				English,
				Japanese,
				French,
				German,
				en,
			);
			mainGroup = 0867D691FE84028FC02AAC07 /* OCMock */;
			productRefGroup = 034768DFFF38A50411DB9C8B /* Products */;
			projectDirPath = "";
			projectRoot = "";
			targets = (
				C907176E1421BED300C20915 /* OCMock */,
				03BF2D3608F1C69500978C59 /* OCMockTests */,
				C907171E1421A05A00C20915 /* OCMockTouch */,
			);
		};
/* End PBXProject section */

/* Begin PBXResourcesBuildPhase section */
		03BF2D3208F1C69500978C59 /* Resources */ = {
			isa = PBXResourcesBuildPhase;
			buildActionMask = 2147483647;
			files = (
			);
			runOnlyForDeploymentPostprocessing = 0;
		};
		C907176D1421BED300C20915 /* Resources */ = {
			isa = PBXResourcesBuildPhase;
			buildActionMask = 2147483647;
			files = (
				C90717831421BF3D00C20915 /* License.txt in Resources */,
			);
			runOnlyForDeploymentPostprocessing = 0;
		};
/* End PBXResourcesBuildPhase section */

/* Begin PBXShellScriptBuildPhase section */
		032798EB0E0A0583006CA665 /* ShellScript */ = {
			isa = PBXShellScriptBuildPhase;
			buildActionMask = 2147483647;
			files = (
			);
			inputPaths = (
			);
			outputPaths = (
			);
			runOnlyForDeploymentPostprocessing = 0;
			shellPath = /bin/sh;
			shellScript = "# Unpack frameworks required for this target\npushd \"${TARGET_BUILD_DIR}\"\nif [ ! -d Frameworks ]; then\n\tmkdir Frameworks\nfi\ncd Frameworks\nif [ ! -d  OCHamcrest.framework ]; then\n    gnutar xjf \"${PROJECT_DIR}/Frameworks/OCHamcrest.tar.bz2\"\nfi\npopd\n";
		};
		03BF2D3508F1C69500978C59 /* Run Script */ = {
			isa = PBXShellScriptBuildPhase;
			buildActionMask = 2147483647;
			files = (
			);
			inputPaths = (
			);
			name = "Run Script";
			outputPaths = (
			);
			runOnlyForDeploymentPostprocessing = 0;
			shellPath = /bin/sh;
			shellScript = "# Run the unit tests in this test bundle.\nexport DYLD_FRAMEWORK_PATH=\"${TARGET_BUILD_DIR}/Frameworks\"\n\"${SYSTEM_DEVELOPER_DIR}/Tools/RunUnitTests\"\n";
		};
/* End PBXShellScriptBuildPhase section */

/* Begin PBXSourcesBuildPhase section */
		03BF2D3308F1C69500978C59 /* Sources */ = {
			isa = PBXSourcesBuildPhase;
			buildActionMask = 2147483647;
			files = (
				03BF2D5E08F1C82C00978C59 /* OCMockRecorderTests.m in Sources */,
				03BF2D5F08F1C82D00978C59 /* OCMockObjectTests.m in Sources */,
				030106730A3B9B240049FED7 /* NSInvocationOCMAdditionsTests.m in Sources */,
				034313EA0CCA7BC700A2E080 /* OCMConstraintTests.m in Sources */,
				032798030E09F8B7006CA665 /* OCMockObjectHamcrestTests.mm in Sources */,
				03D880550F8C75980087D071 /* OCObserverMockObjectTest.m in Sources */,
			);
			runOnlyForDeploymentPostprocessing = 0;
		};
		C907171B1421A05A00C20915 /* Sources */ = {
			isa = PBXSourcesBuildPhase;
			buildActionMask = 2147483647;
			files = (
				C907172F1421A39C00C20915 /* OCMockObject.m in Sources */,
				C90717301421A39C00C20915 /* OCClassMockObject.m in Sources */,
				C90717311421A39C00C20915 /* OCProtocolMockObject.m in Sources */,
				C90717321421A39C00C20915 /* OCMockRecorder.m in Sources */,
				C90717331421A39C00C20915 /* OCMReturnValueProvider.m in Sources */,
				C90717341421A39C00C20915 /* OCMBoxedReturnValueProvider.m in Sources */,
				C90717351421A39C00C20915 /* OCMExceptionReturnValueProvider.m in Sources */,
				C90717361421A39C00C20915 /* OCMIndirectReturnValueProvider.m in Sources */,
				C90717371421A39C00C20915 /* OCMNotificationPoster.m in Sources */,
				C90717381421A39C00C20915 /* OCMBlockCaller.m in Sources */,
				C90717391421A39C00C20915 /* OCPartialMockObject.m in Sources */,
				C907173A1421A39C00C20915 /* OCPartialMockRecorder.m in Sources */,
				C907173B1421A39C00C20915 /* OCMRealObjectForwarder.m in Sources */,
				C907173C1421A39C00C20915 /* OCObserverMockObject.m in Sources */,
				C907173D1421A39C00C20915 /* OCMObserverRecorder.m in Sources */,
				C907173E1421A39C00C20915 /* OCMArg.m in Sources */,
				C907173F1421A39C00C20915 /* OCMConstraint.m in Sources */,
				C90717401421A39C00C20915 /* OCMPassByRefSetter.m in Sources */,
				C90717411421A39C00C20915 /* NSInvocation+OCMAdditions.m in Sources */,
				C90717421421A39C00C20915 /* NSNotificationCenter+OCMAdditions.m in Sources */,
				C90717431421A39C00C20915 /* NSMethodSignature+OCMAdditions.m in Sources */,
			);
			runOnlyForDeploymentPostprocessing = 0;
		};
		C907176A1421BED300C20915 /* Sources */ = {
			isa = PBXSourcesBuildPhase;
			buildActionMask = 2147483647;
			files = (
				C907179A1421BFEC00C20915 /* OCMockObject.m in Sources */,
				C907179B1421BFEC00C20915 /* OCClassMockObject.m in Sources */,
				C907179C1421BFEC00C20915 /* OCProtocolMockObject.m in Sources */,
				C907179D1421BFEC00C20915 /* OCMockRecorder.m in Sources */,
				C907179E1421BFEC00C20915 /* OCMReturnValueProvider.m in Sources */,
				C907179F1421BFEC00C20915 /* OCMBoxedReturnValueProvider.m in Sources */,
				C90717A01421BFEC00C20915 /* OCMExceptionReturnValueProvider.m in Sources */,
				C90717A11421BFEC00C20915 /* OCMIndirectReturnValueProvider.m in Sources */,
				C90717A21421BFEC00C20915 /* OCMNotificationPoster.m in Sources */,
				C90717A31421BFEC00C20915 /* OCMBlockCaller.m in Sources */,
				C90717A41421BFEC00C20915 /* OCPartialMockObject.m in Sources */,
				C90717A51421BFEC00C20915 /* OCPartialMockRecorder.m in Sources */,
				C90717A61421BFEC00C20915 /* OCMRealObjectForwarder.m in Sources */,
				C90717A71421BFEC00C20915 /* OCObserverMockObject.m in Sources */,
				C90717A81421BFEC00C20915 /* OCMObserverRecorder.m in Sources */,
				C90717A91421BFEC00C20915 /* OCMArg.m in Sources */,
				C90717AA1421BFEC00C20915 /* OCMConstraint.m in Sources */,
				C90717AB1421BFEC00C20915 /* OCMPassByRefSetter.m in Sources */,
				C90717AC1421BFEC00C20915 /* NSInvocation+OCMAdditions.m in Sources */,
				C90717AD1421BFEC00C20915 /* NSNotificationCenter+OCMAdditions.m in Sources */,
				C90717AE1421BFEC00C20915 /* NSMethodSignature+OCMAdditions.m in Sources */,
			);
			runOnlyForDeploymentPostprocessing = 0;
		};
/* End PBXSourcesBuildPhase section */

/* Begin PBXTargetDependency section */
		C90717B01421C00300C20915 /* PBXTargetDependency */ = {
			isa = PBXTargetDependency;
			target = C907176E1421BED300C20915 /* OCMock */;
			targetProxy = C90717AF1421C00300C20915 /* PBXContainerItemProxy */;
		};
/* End PBXTargetDependency section */

/* Begin XCBuildConfiguration section */
		03BF2D3C08F1C69600978C59 /* Debug */ = {
			isa = XCBuildConfiguration;
			buildSettings = {
				ARCHS = "$(NATIVE_ARCH_ACTUAL)";
				COPY_PHASE_STRIP = NO;
				FRAMEWORK_SEARCH_PATHS = (
					"$(TARGET_BUILD_DIR)/Frameworks",
					"\"$(DEVELOPER_FRAMEWORKS_DIR)\"",
				);
				GCC_ENABLE_OBJC_EXCEPTIONS = YES;
				GCC_ENABLE_OBJC_GC = supported;
				GCC_GENERATE_DEBUGGING_SYMBOLS = YES;
				GCC_MODEL_TUNING = G5;
				GCC_OPTIMIZATION_LEVEL = 0;
				GCC_PRECOMPILE_PREFIX_HEADER = YES;
				GCC_PREFIX_HEADER = "OCMock/OCMock-Prefix.pch";
				INFOPLIST_FILE = "OCMockTests/OCMockTests-Info.plist";
				INSTALL_PATH = "$(USER_LIBRARY_DIR)/Bundles";
				LD_RUNPATH_SEARCH_PATHS = "@loader_path/../../../Frameworks";
				LIBRARY_STYLE = BUNDLE;
				ONLY_ACTIVE_ARCH = YES;
				OTHER_CFLAGS = "";
				OTHER_REZFLAGS = "";
				PRODUCT_NAME = OCMockTests;
				SDKROOT = macosx;
				SECTORDER_FLAGS = "";
				WARNING_CFLAGS = (
					"-Wmost",
					"-Wno-four-char-constants",
					"-Wno-unknown-pragmas",
				);
				WRAPPER_EXTENSION = octest;
			};
			name = Debug;
		};
		03BF2D3D08F1C69600978C59 /* Release */ = {
			isa = XCBuildConfiguration;
			buildSettings = {
				ARCHS = "$(ARCHS_STANDARD_32_64_BIT)";
				COPY_PHASE_STRIP = YES;
				FRAMEWORK_SEARCH_PATHS = (
					"$(TARGET_BUILD_DIR)/Frameworks",
					"\"$(DEVELOPER_FRAMEWORKS_DIR)\"",
				);
				GCC_ENABLE_OBJC_EXCEPTIONS = YES;
				GCC_ENABLE_OBJC_GC = supported;
				GCC_GENERATE_DEBUGGING_SYMBOLS = NO;
				GCC_MODEL_TUNING = G5;
				GCC_OPTIMIZATION_LEVEL = 0;
				GCC_PRECOMPILE_PREFIX_HEADER = YES;
				GCC_PREFIX_HEADER = "OCMock/OCMock-Prefix.pch";
				INFOPLIST_FILE = "OCMockTests/OCMockTests-Info.plist";
				INSTALL_PATH = "$(USER_LIBRARY_DIR)/Bundles";
				LD_RUNPATH_SEARCH_PATHS = "@loader_path/../../../Frameworks";
				LIBRARY_STYLE = BUNDLE;
				OTHER_CFLAGS = "";
				OTHER_REZFLAGS = "";
				PRODUCT_NAME = OCMockTests;
				SDKROOT = macosx;
				SECTORDER_FLAGS = "";
				WARNING_CFLAGS = (
					"-Wmost",
					"-Wno-four-char-constants",
					"-Wno-unknown-pragmas",
				);
				WRAPPER_EXTENSION = octest;
			};
			name = Release;
		};
		03DFEE1308F04987002E8661 /* Debug */ = {
			isa = XCBuildConfiguration;
			buildSettings = {
				GCC_WARN_SHADOW = YES;
			};
			name = Debug;
		};
		03DFEE1408F04987002E8661 /* Release */ = {
			isa = XCBuildConfiguration;
			buildSettings = {
				GCC_INPUT_FILETYPE = automatic;
				GCC_WARN_SHADOW = YES;
			};
			name = Release;
		};
		C90717271421A05A00C20915 /* Debug */ = {
			isa = XCBuildConfiguration;
			buildSettings = {
				ALWAYS_SEARCH_USER_PATHS = NO;
				ARCHS = "$(ARCHS_STANDARD_32_BIT)";
				COPY_PHASE_STRIP = NO;
				DSTROOT = /tmp/OCMockTouch.dst;
				GCC_C_LANGUAGE_STANDARD = gnu99;
				GCC_DYNAMIC_NO_PIC = NO;
				GCC_OPTIMIZATION_LEVEL = 0;
				GCC_PRECOMPILE_PREFIX_HEADER = YES;
				GCC_PREFIX_HEADER = "OCMock/OCMock-Prefix.pch";
				GCC_PREPROCESSOR_DEFINITIONS = (
					"DEBUG=1",
					"$(inherited)",
				);
				GCC_SYMBOLS_PRIVATE_EXTERN = NO;
				GCC_VERSION = com.apple.compilers.llvm.clang.1_0;
				GCC_WARN_ABOUT_MISSING_PROTOTYPES = YES;
				GCC_WARN_ABOUT_RETURN_TYPE = YES;
				GCC_WARN_UNUSED_VARIABLE = YES;
				IPHONEOS_DEPLOYMENT_TARGET = 5.0;
				OTHER_LDFLAGS = "-ObjC";
				PRODUCT_NAME = "${PROJECT_NAME}";
				SDKROOT = iphoneos;
				SKIP_INSTALL = YES;
			};
			name = Debug;
		};
		C90717281421A05A00C20915 /* Release */ = {
			isa = XCBuildConfiguration;
			buildSettings = {
				ALWAYS_SEARCH_USER_PATHS = NO;
				ARCHS = "$(ARCHS_STANDARD_32_BIT)";
				COPY_PHASE_STRIP = YES;
				DSTROOT = /tmp/OCMockTouch.dst;
				GCC_C_LANGUAGE_STANDARD = gnu99;
				GCC_PRECOMPILE_PREFIX_HEADER = YES;
				GCC_PREFIX_HEADER = "OCMock/OCMock-Prefix.pch";
				GCC_VERSION = com.apple.compilers.llvm.clang.1_0;
				GCC_WARN_ABOUT_MISSING_PROTOTYPES = YES;
				GCC_WARN_ABOUT_RETURN_TYPE = YES;
				GCC_WARN_UNUSED_VARIABLE = YES;
				IPHONEOS_DEPLOYMENT_TARGET = 5.0;
				OTHER_LDFLAGS = "-ObjC";
				PRODUCT_NAME = "${PROJECT_NAME}";
				SDKROOT = iphoneos;
				SKIP_INSTALL = YES;
				VALIDATE_PRODUCT = YES;
			};
			name = Release;
		};
		C90717811421BED300C20915 /* Debug */ = {
			isa = XCBuildConfiguration;
			buildSettings = {
				ALWAYS_SEARCH_USER_PATHS = NO;
				ARCHS = "$(ARCHS_STANDARD_64_BIT)";
				COPY_PHASE_STRIP = NO;
				DYLIB_COMPATIBILITY_VERSION = 1;
				DYLIB_CURRENT_VERSION = 1;
				FRAMEWORK_VERSION = A;
				GCC_C_LANGUAGE_STANDARD = gnu99;
				GCC_DYNAMIC_NO_PIC = NO;
				GCC_ENABLE_OBJC_EXCEPTIONS = YES;
				GCC_OPTIMIZATION_LEVEL = 0;
				GCC_PRECOMPILE_PREFIX_HEADER = YES;
				GCC_PREFIX_HEADER = "OCMock/OCMock-Prefix.pch";
				GCC_PREPROCESSOR_DEFINITIONS = (
					"DEBUG=1",
					"$(inherited)",
				);
				GCC_SYMBOLS_PRIVATE_EXTERN = NO;
				GCC_VERSION = com.apple.compilers.llvm.clang.1_0;
				GCC_WARN_64_TO_32_BIT_CONVERSION = YES;
				GCC_WARN_ABOUT_MISSING_PROTOTYPES = YES;
				GCC_WARN_ABOUT_RETURN_TYPE = YES;
				GCC_WARN_UNUSED_VARIABLE = YES;
				INFOPLIST_FILE = "OCMock/OCMock-Info.plist";
				MACOSX_DEPLOYMENT_TARGET = 10.7;
				ONLY_ACTIVE_ARCH = YES;
				PRODUCT_NAME = "$(TARGET_NAME)";
				SDKROOT = macosx;
				WRAPPER_EXTENSION = framework;
			};
			name = Debug;
		};
		C90717821421BED300C20915 /* Release */ = {
			isa = XCBuildConfiguration;
			buildSettings = {
				ALWAYS_SEARCH_USER_PATHS = NO;
				ARCHS = "$(ARCHS_STANDARD_64_BIT)";
				COPY_PHASE_STRIP = YES;
				DEBUG_INFORMATION_FORMAT = "dwarf-with-dsym";
				DYLIB_COMPATIBILITY_VERSION = 1;
				DYLIB_CURRENT_VERSION = 1;
				FRAMEWORK_VERSION = A;
				GCC_C_LANGUAGE_STANDARD = gnu99;
				GCC_ENABLE_OBJC_EXCEPTIONS = YES;
				GCC_PRECOMPILE_PREFIX_HEADER = YES;
				GCC_PREFIX_HEADER = "OCMock/OCMock-Prefix.pch";
				GCC_VERSION = com.apple.compilers.llvm.clang.1_0;
				GCC_WARN_64_TO_32_BIT_CONVERSION = YES;
				GCC_WARN_ABOUT_MISSING_PROTOTYPES = YES;
				GCC_WARN_ABOUT_RETURN_TYPE = YES;
				GCC_WARN_UNUSED_VARIABLE = YES;
				INFOPLIST_FILE = "OCMock/OCMock-Info.plist";
				MACOSX_DEPLOYMENT_TARGET = 10.7;
				PRODUCT_NAME = "$(TARGET_NAME)";
				SDKROOT = macosx;
				WRAPPER_EXTENSION = framework;
			};
			name = Release;
		};
/* End XCBuildConfiguration section */

/* Begin XCConfigurationList section */
		03BF2D3B08F1C69600978C59 /* Build configuration list for PBXNativeTarget "OCMockTests" */ = {
			isa = XCConfigurationList;
			buildConfigurations = (
				03BF2D3C08F1C69600978C59 /* Debug */,
				03BF2D3D08F1C69600978C59 /* Release */,
			);
			defaultConfigurationIsVisible = 0;
			defaultConfigurationName = Release;
		};
		03DFEE1208F04987002E8661 /* Build configuration list for PBXProject "OCMock" */ = {
			isa = XCConfigurationList;
			buildConfigurations = (
				03DFEE1308F04987002E8661 /* Debug */,
				03DFEE1408F04987002E8661 /* Release */,
			);
			defaultConfigurationIsVisible = 0;
			defaultConfigurationName = Release;
		};
		C90717291421A05A00C20915 /* Build configuration list for PBXNativeTarget "OCMockTouch" */ = {
			isa = XCConfigurationList;
			buildConfigurations = (
				C90717271421A05A00C20915 /* Debug */,
				C90717281421A05A00C20915 /* Release */,
			);
			defaultConfigurationIsVisible = 0;
			defaultConfigurationName = Release;
		};
		C90717801421BED300C20915 /* Build configuration list for PBXNativeTarget "OCMock" */ = {
			isa = XCConfigurationList;
			buildConfigurations = (
				C90717811421BED300C20915 /* Debug */,
				C90717821421BED300C20915 /* Release */,
			);
			defaultConfigurationIsVisible = 0;
			defaultConfigurationName = Release;
		};
/* End XCConfigurationList section */
	};
	rootObject = 0867D690FE84028FC02AAC07 /* Project object */;
}
