// !$*UTF8*$!
{
	archiveVersion = 1;
	classes = {
	};
	objectVersion = 39;
	objects = {
		014CEA440018CDF011CA2923 = {
			buildSettings = {
				COPY_PHASE_STRIP = NO;
				DEBUGGING_SYMBOLS = YES;
				GCC_DYNAMIC_NO_PIC = NO;
				GCC_ENABLE_FIX_AND_CONTINUE = YES;
				GCC_GENERATE_DEBUGGING_SYMBOLS = YES;
				GCC_OPTIMIZATION_LEVEL = 0;
				OPTIMIZATION_CFLAGS = "-O0";
				ZERO_LINK = YES;
			};
			isa = PBXBuildStyle;
			name = Development;
		};
		014CEA450018CDF011CA2923 = {
			buildSettings = {
				COPY_PHASE_STRIP = YES;
				GCC_ENABLE_FIX_AND_CONTINUE = NO;
				ZERO_LINK = NO;
			};
			isa = PBXBuildStyle;
			name = Deployment;
		};
//010
//011
//012
//013
//014
//030
//031
//032
//033
//034
		034768DFFF38A50411DB9C8B = {
			children = (
				8DC2EF5B0486A6940098B216,
				03DE21AE06DB954C00E5A2A8,
			);
			isa = PBXGroup;
			name = Products;
			refType = 4;
			sourceTree = "<group>";
		};
		03DE1F5406DB911300E5A2A8 = {
			fileEncoding = 30;
			isa = PBXFileReference;
			lastKnownFileType = sourcecode.c.h;
			path = OCMockObject.h;
			refType = 4;
			sourceTree = "<group>";
		};
		03DE1F5506DB911300E5A2A8 = {
			fileEncoding = 30;
			isa = PBXFileReference;
			lastKnownFileType = sourcecode.c.objc;
			path = OCMockObject.m;
			refType = 4;
			sourceTree = "<group>";
		};
		03DE1F5606DB911300E5A2A8 = {
			fileEncoding = 30;
			isa = PBXFileReference;
			lastKnownFileType = sourcecode.c.h;
			path = OCMockRecorder.h;
			refType = 4;
			sourceTree = "<group>";
		};
		03DE1F5706DB911300E5A2A8 = {
			fileEncoding = 30;
			isa = PBXFileReference;
			lastKnownFileType = sourcecode.c.objc;
			path = OCMockRecorder.m;
			refType = 4;
			sourceTree = "<group>";
		};
		03DE1F5806DB911300E5A2A8 = {
			fileRef = 03DE1F5406DB911300E5A2A8;
			isa = PBXBuildFile;
			settings = {
				ATTRIBUTES = (
					Public,
				);
			};
		};
		03DE1F5906DB911300E5A2A8 = {
			fileRef = 03DE1F5506DB911300E5A2A8;
			isa = PBXBuildFile;
			settings = {
			};
		};
		03DE1F5A06DB911300E5A2A8 = {
			fileRef = 03DE1F5606DB911300E5A2A8;
			isa = PBXBuildFile;
			settings = {
				ATTRIBUTES = (
					Public,
				);
			};
		};
		03DE1F5B06DB911300E5A2A8 = {
			fileRef = 03DE1F5706DB911300E5A2A8;
			isa = PBXBuildFile;
			settings = {
			};
		};
		03DE1F5D06DB911C00E5A2A8 = {
			children = (
				03DE1F5E06DB914100E5A2A8,
				03DE1F5F06DB914100E5A2A8,
				03DE1F6006DB914100E5A2A8,
				03DE1F6106DB914100E5A2A8,
			);
			isa = PBXGroup;
			name = Tests;
			refType = 4;
			sourceTree = "<group>";
		};
		03DE1F5E06DB914100E5A2A8 = {
			fileEncoding = 30;
			isa = PBXFileReference;
			lastKnownFileType = sourcecode.c.h;
			path = OCMockObjectTests.h;
			refType = 4;
			sourceTree = "<group>";
		};
		03DE1F5F06DB914100E5A2A8 = {
			fileEncoding = 30;
			isa = PBXFileReference;
			lastKnownFileType = sourcecode.c.objc;
			path = OCMockObjectTests.m;
			refType = 4;
			sourceTree = "<group>";
		};
		03DE1F6006DB914100E5A2A8 = {
			fileEncoding = 30;
			isa = PBXFileReference;
			lastKnownFileType = sourcecode.c.h;
			path = OCMockRecorderTests.h;
			refType = 4;
			sourceTree = "<group>";
		};
		03DE1F6106DB914100E5A2A8 = {
			fileEncoding = 30;
			isa = PBXFileReference;
			lastKnownFileType = sourcecode.c.objc;
			path = OCMockRecorderTests.m;
			refType = 4;
			sourceTree = "<group>";
		};
		03DE218F06DB91CF00E5A2A8 = {
			isa = PBXFileReference;
			lastKnownFileType = wrapper.framework;
			name = Foundation.framework;
			path = /System/Library/Frameworks/Foundation.framework;
			refType = 0;
			sourceTree = "<absolute>";
		};
		03DE219006DB91CF00E5A2A8 = {
			fileRef = 03DE218F06DB91CF00E5A2A8;
			isa = PBXBuildFile;
			settings = {
			};
		};
		03DE219B06DB954C00E5A2A8 = {
			buildPhases = (
				03DE219C06DB954C00E5A2A8,
				03DE21A206DB954C00E5A2A8,
				03DE21A406DB954C00E5A2A8,
				03DE21A906DB954C00E5A2A8,
				03DE21AC06DB954C00E5A2A8,
				03DE21AD06DB954C00E5A2A8,
			);
			buildRules = (
			);
			buildSettings = {
				DYLIB_COMPATIBILITY_VERSION = 1;
				DYLIB_CURRENT_VERSION = 1;
				FRAMEWORK_SEARCH_PATHS = "$(HOME)/Library/Frameworks";
				FRAMEWORK_VERSION = A;
				GCC_ENABLE_TRIGRAPHS = NO;
				GCC_GENERATE_DEBUGGING_SYMBOLS = NO;
				GCC_PRECOMPILE_PREFIX_HEADER = YES;
				GCC_PREFIX_HEADER = OCMock_Prefix.pch;
				GCC_WARN_ABOUT_MISSING_PROTOTYPES = NO;
				GCC_WARN_FOUR_CHARACTER_CONSTANTS = NO;
				GCC_WARN_UNKNOWN_PRAGMAS = NO;
				HEADER_SEARCH_PATHS = "";
				INFOPLIST_FILE = /Users/erik/Projects/OCMock/scm/Source/Info.plist;
				INSTALL_PATH = "$(HOME)/Library/Frameworks";
				LIBRARY_SEARCH_PATHS = "";
				LIBRARY_STYLE = Dynamic;
				OTHER_CFLAGS = "-fobjc-exceptions";
				OTHER_LDFLAGS = "";
				PRODUCT_NAME = OCMock;
				SECTORDER_FLAGS = "";
				TEST_AFTER_BUILD = YES;
				WARNING_CFLAGS = "-Wmost -Wno-four-char-constants -Wno-unknown-pragmas";
				WRAPPER_EXTENSION = framework;
			};
			dependencies = (
			);
			isa = PBXNativeTarget;
			name = Tests;
			productInstallPath = "$(HOME)/Library/Frameworks";
			productName = OCMock;
			productReference = 03DE21AE06DB954C00E5A2A8;
			productType = "com.apple.product-type.framework";
		};
		03DE219C06DB954C00E5A2A8 = {
			buildActionMask = 2147483647;
			files = (
				03DE219D06DB954C00E5A2A8,
				03DE219E06DB954C00E5A2A8,
				03DE219F06DB954C00E5A2A8,
				03DE21A006DB954C00E5A2A8,
				03DE21A106DB954C00E5A2A8,
				03DE21B406DB95C500E5A2A8,
			);
			isa = PBXHeadersBuildPhase;
			runOnlyForDeploymentPostprocessing = 0;
		};
		03DE219D06DB954C00E5A2A8 = {
			fileRef = 32DBCF5E0370ADEE00C91783;
			isa = PBXBuildFile;
			settings = {
			};
		};
		03DE219E06DB954C00E5A2A8 = {
			fileRef = 03DE1F5406DB911300E5A2A8;
			isa = PBXBuildFile;
			settings = {
			};
		};
		03DE219F06DB954C00E5A2A8 = {
			fileRef = 03DE1F5606DB911300E5A2A8;
			isa = PBXBuildFile;
			settings = {
			};
		};
		03DE21A006DB954C00E5A2A8 = {
			fileRef = 03DE1F5E06DB914100E5A2A8;
			isa = PBXBuildFile;
			settings = {
			};
		};
		03DE21A106DB954C00E5A2A8 = {
			fileRef = 03DE1F6006DB914100E5A2A8;
			isa = PBXBuildFile;
			settings = {
			};
		};
		03DE21A206DB954C00E5A2A8 = {
			buildActionMask = 2147483647;
			files = (
				03DE21A306DB954C00E5A2A8,
			);
			isa = PBXResourcesBuildPhase;
			runOnlyForDeploymentPostprocessing = 0;
		};
		03DE21A306DB954C00E5A2A8 = {
			fileRef = 089C1666FE841158C02AAC07;
			isa = PBXBuildFile;
			settings = {
			};
		};
		03DE21A406DB954C00E5A2A8 = {
			buildActionMask = 2147483647;
			files = (
				03DE21A506DB954C00E5A2A8,
				03DE21A606DB954C00E5A2A8,
				03DE21A706DB954C00E5A2A8,
				03DE21A806DB954C00E5A2A8,
			);
			isa = PBXSourcesBuildPhase;
			runOnlyForDeploymentPostprocessing = 0;
		};
		03DE21A506DB954C00E5A2A8 = {
			fileRef = 03DE1F5506DB911300E5A2A8;
			isa = PBXBuildFile;
			settings = {
			};
		};
		03DE21A606DB954C00E5A2A8 = {
			fileRef = 03DE1F5706DB911300E5A2A8;
			isa = PBXBuildFile;
			settings = {
			};
		};
		03DE21A706DB954C00E5A2A8 = {
			fileRef = 03DE1F5F06DB914100E5A2A8;
			isa = PBXBuildFile;
			settings = {
			};
		};
		03DE21A806DB954C00E5A2A8 = {
			fileRef = 03DE1F6106DB914100E5A2A8;
			isa = PBXBuildFile;
			settings = {
			};
		};
		03DE21A906DB954C00E5A2A8 = {
			buildActionMask = 2147483647;
			files = (
				03DE21AA06DB954C00E5A2A8,
				03DE21AB06DB954C00E5A2A8,
			);
			isa = PBXFrameworksBuildPhase;
			runOnlyForDeploymentPostprocessing = 0;
		};
		03DE21AA06DB954C00E5A2A8 = {
			fileRef = 749E167705657A7D005A3EEA;
			isa = PBXBuildFile;
			settings = {
			};
		};
		03DE21AB06DB954C00E5A2A8 = {
			fileRef = 03DE218F06DB91CF00E5A2A8;
			isa = PBXBuildFile;
			settings = {
			};
		};
		03DE21AC06DB954C00E5A2A8 = {
			buildActionMask = 2147483647;
			files = (
			);
			isa = PBXRezBuildPhase;
			runOnlyForDeploymentPostprocessing = 0;
		};
		03DE21AD06DB954C00E5A2A8 = {
			buildActionMask = 2147483647;
			files = (
			);
			inputPaths = (
			);
			isa = PBXShellScriptBuildPhase;
			outputPaths = (
			);
			runOnlyForDeploymentPostprocessing = 0;
			shellPath = /bin/sh;
			shellScript = /Developer/Tools/RunTargetUnitTests;
		};
		03DE21AE06DB954C00E5A2A8 = {
			explicitFileType = wrapper.framework;
			includeInIndex = 0;
			isa = PBXFileReference;
			path = OCMock.framework;
			refType = 3;
			sourceTree = BUILT_PRODUCTS_DIR;
		};
		03DE21B206DB95C500E5A2A8 = {
			fileEncoding = 4;
			isa = PBXFileReference;
			lastKnownFileType = sourcecode.c.h;
			path = OCMock.h;
			refType = 4;
			sourceTree = "<group>";
		};
		03DE21B306DB95C500E5A2A8 = {
			fileRef = 03DE21B206DB95C500E5A2A8;
			isa = PBXBuildFile;
			settings = {
				ATTRIBUTES = (
					Public,
				);
			};
		};
		03DE21B406DB95C500E5A2A8 = {
			fileRef = 03DE21B206DB95C500E5A2A8;
			isa = PBXBuildFile;
			settings = {
			};
		};
		03DE21B506DB95CB00E5A2A8 = {
			children = (
				03DE21B206DB95C500E5A2A8,
			);
			isa = PBXGroup;
			name = Headers;
			refType = 4;
			sourceTree = "<group>";
		};
		03DE221606DB97DA00E5A2A8 = {
			fileEncoding = 4;
			isa = PBXFileReference;
			lastKnownFileType = text;
			path = License.txt;
			refType = 4;
			sourceTree = "<group>";
		};
		03DE221706DB97DA00E5A2A8 = {
			fileRef = 03DE221606DB97DA00E5A2A8;
			isa = PBXBuildFile;
			settings = {
			};
		};
//030
//031
//032
//033
//034
//080
//081
//082
//083
//084
		0867D690FE84028FC02AAC07 = {
			buildSettings = {
			};
			buildStyles = (
				014CEA440018CDF011CA2923,
				014CEA450018CDF011CA2923,
				749E17DD05657B6C005A3EEA,
			);
			hasScannedForEncodings = 1;
			isa = PBXProject;
			mainGroup = 0867D691FE84028FC02AAC07;
			productRefGroup = 034768DFFF38A50411DB9C8B;
			projectDirPath = "";
			targets = (
				8DC2EF4F0486A6940098B216,
				03DE219B06DB954C00E5A2A8,
			);
		};
		0867D691FE84028FC02AAC07 = {
			children = (
				03DE21B506DB95CB00E5A2A8,
				08FB77AEFE84172EC02AAC07,
				03DE1F5D06DB911C00E5A2A8,
				32C88DFF0371C24200C91783,
				089C1665FE841158C02AAC07,
				0867D69AFE84028FC02AAC07,
				034768DFFF38A50411DB9C8B,
			);
			isa = PBXGroup;
			name = OCMock;
			refType = 4;
			sourceTree = "<group>";
		};
		0867D69AFE84028FC02AAC07 = {
			children = (
				1058C7B0FEA5585E11CA2CBB,
				1058C7B2FEA5585E11CA2CBB,
			);
			isa = PBXGroup;
			name = "External Frameworks and Libraries";
			refType = 4;
			sourceTree = "<group>";
		};
		089C1665FE841158C02AAC07 = {
			children = (
				03DE221606DB97DA00E5A2A8,
				8DC2EF5A0486A6940098B216,
				089C1666FE841158C02AAC07,
			);
			isa = PBXGroup;
			name = Resources;
			refType = 4;
			sourceTree = "<group>";
		};
		089C1666FE841158C02AAC07 = {
			children = (
				089C1667FE841158C02AAC07,
			);
			isa = PBXVariantGroup;
			name = InfoPlist.strings;
			refType = 4;
			sourceTree = "<group>";
		};
		089C1667FE841158C02AAC07 = {
			fileEncoding = 10;
			isa = PBXFileReference;
			lastKnownFileType = text.plist.strings;
			name = English;
			path = English.lproj/InfoPlist.strings;
			refType = 4;
			sourceTree = "<group>";
		};
		08FB77AEFE84172EC02AAC07 = {
			children = (
				03DE1F5406DB911300E5A2A8,
				03DE1F5506DB911300E5A2A8,
				03DE1F5606DB911300E5A2A8,
				03DE1F5706DB911300E5A2A8,
			);
			isa = PBXGroup;
			name = Classes;
			refType = 4;
			sourceTree = "<group>";
		};
//080
//081
//082
//083
//084
//100
//101
//102
//103
//104
		1058C7B0FEA5585E11CA2CBB = {
			children = (
				03DE218F06DB91CF00E5A2A8,
				749E167705657A7D005A3EEA,
			);
			isa = PBXGroup;
			name = "Linked Frameworks";
			refType = 4;
			sourceTree = "<group>";
		};
		1058C7B2FEA5585E11CA2CBB = {
			children = (
			);
			isa = PBXGroup;
			name = "Other Frameworks";
			refType = 4;
			sourceTree = "<group>";
		};
//100
//101
//102
//103
//104
//320
//321
//322
//323
//324
		32C88DFF0371C24200C91783 = {
			children = (
				32DBCF5E0370ADEE00C91783,
			);
			isa = PBXGroup;
			name = "Other Sources";
			refType = 4;
			sourceTree = "<group>";
		};
		32DBCF5E0370ADEE00C91783 = {
			fileEncoding = 4;
			isa = PBXFileReference;
			lastKnownFileType = sourcecode.c.h;
			path = OCMock_Prefix.pch;
			refType = 4;
			sourceTree = "<group>";
		};
//320
//321
//322
//323
//324
//740
//741
//742
//743
//744
		749E167705657A7D005A3EEA = {
			isa = PBXFileReference;
			lastKnownFileType = wrapper.framework;
			path = /Library/Frameworks/SenTestingKit.framework;
			refType = 0;
			sourceTree = "<absolute>";
		};
		749E17DD05657B6C005A3EEA = {
			buildSettings = {
				COPY_PHASE_STRIP = NO;
				DEBUGGING_SYMBOLS = YES;
				GCC_DYNAMIC_NO_PIC = NO;
				GCC_ENABLE_FIX_AND_CONTINUE = NO;
				GCC_GENERATE_DEBUGGING_SYMBOLS = YES;
				GCC_OPTIMIZATION_LEVEL = 0;
				OPTIMIZATION_CFLAGS = "-O0";
				TEST_AFTER_BUILD = YES;
				ZERO_LINK = NO;
			};
			isa = PBXBuildStyle;
			name = Test;
		};
//740
//741
//742
//743
//744
//8D0
//8D1
//8D2
//8D3
//8D4
		8DC2EF4F0486A6940098B216 = {
			buildPhases = (
				8DC2EF500486A6940098B216,
				8DC2EF520486A6940098B216,
				8DC2EF540486A6940098B216,
				8DC2EF560486A6940098B216,
				8DC2EF580486A6940098B216,
			);
			buildRules = (
			);
			buildSettings = {
				DYLIB_COMPATIBILITY_VERSION = 1;
				DYLIB_CURRENT_VERSION = 1;
				FRAMEWORK_SEARCH_PATHS = /Library/Frameworks;
				FRAMEWORK_VERSION = A;
				GCC_ENABLE_OBJC_EXCEPTIONS = YES;
				GCC_ENABLE_TRIGRAPHS = NO;
				GCC_GENERATE_DEBUGGING_SYMBOLS = NO;
				GCC_PRECOMPILE_PREFIX_HEADER = YES;
				GCC_PREFIX_HEADER = OCMock_Prefix.pch;
				GCC_WARN_ABOUT_MISSING_PROTOTYPES = NO;
				GCC_WARN_FOUR_CHARACTER_CONSTANTS = NO;
				GCC_WARN_UNKNOWN_PRAGMAS = NO;
				HEADER_SEARCH_PATHS = "";
				INFOPLIST_FILE = Info.plist;
				INSTALL_PATH = /Library/Frameworks;
				LIBRARY_SEARCH_PATHS = "";
				LIBRARY_STYLE = Dynamic;
				OTHER_CFLAGS = "-fobjc-exceptions";
				OTHER_LDFLAGS = "";
				PRODUCT_NAME = OCMock;
				SECTORDER_FLAGS = "";
				TEST_AFTER_BUILD = YES;
				WARNING_CFLAGS = "-Wmost -Wno-four-char-constants -Wno-unknown-pragmas";
				WRAPPER_EXTENSION = framework;
			};
			dependencies = (
			);
			isa = PBXNativeTarget;
			name = OCMock;
			productInstallPath = "$(HOME)/Library/Frameworks";
			productName = OCMock;
			productReference = 8DC2EF5B0486A6940098B216;
			productType = "com.apple.product-type.framework";
		};
		8DC2EF500486A6940098B216 = {
			buildActionMask = 2147483647;
			files = (
				8DC2EF510486A6940098B216,
				03DE1F5806DB911300E5A2A8,
				03DE1F5A06DB911300E5A2A8,
				03DE21B306DB95C500E5A2A8,
			);
			isa = PBXHeadersBuildPhase;
			runOnlyForDeploymentPostprocessing = 0;
		};
		8DC2EF510486A6940098B216 = {
			fileRef = 32DBCF5E0370ADEE00C91783;
			isa = PBXBuildFile;
			settings = {
			};
		};
		8DC2EF520486A6940098B216 = {
			buildActionMask = 2147483647;
			files = (
				8DC2EF530486A6940098B216,
				03DE221706DB97DA00E5A2A8,
			);
			isa = PBXResourcesBuildPhase;
			runOnlyForDeploymentPostprocessing = 0;
		};
		8DC2EF530486A6940098B216 = {
			fileRef = 089C1666FE841158C02AAC07;
			isa = PBXBuildFile;
			settings = {
			};
		};
		8DC2EF540486A6940098B216 = {
			buildActionMask = 2147483647;
			files = (
				03DE1F5906DB911300E5A2A8,
				03DE1F5B06DB911300E5A2A8,
			);
			isa = PBXSourcesBuildPhase;
			runOnlyForDeploymentPostprocessing = 0;
		};
		8DC2EF560486A6940098B216 = {
			buildActionMask = 2147483647;
			files = (
				03DE219006DB91CF00E5A2A8,
			);
			isa = PBXFrameworksBuildPhase;
			runOnlyForDeploymentPostprocessing = 0;
		};
		8DC2EF580486A6940098B216 = {
			buildActionMask = 2147483647;
			files = (
			);
			isa = PBXRezBuildPhase;
			runOnlyForDeploymentPostprocessing = 0;
		};
		8DC2EF5A0486A6940098B216 = {
			fileEncoding = 4;
			isa = PBXFileReference;
			lastKnownFileType = text.plist;
			path = Info.plist;
			refType = 4;
			sourceTree = "<group>";
		};
		8DC2EF5B0486A6940098B216 = {
			explicitFileType = wrapper.framework;
			includeInIndex = 0;
			isa = PBXFileReference;
			path = OCMock.framework;
			refType = 3;
			sourceTree = BUILT_PRODUCTS_DIR;
		};
	};
	rootObject = 0867D690FE84028FC02AAC07;
}
