<?xml version="1.0" encoding="UTF-8"?>
<Scheme
   version = "1.3">
   <BuildAction>
      <BuildActionEntries>
         <BuildActionEntry
            buildForRunning = "YES"
            buildForTesting = "YES">
            <BuildableReference
               BuildableIdentifier = "primary"
               BlueprintIdentifier = "03565A3018F0566E003AE91E"
               BuildableName = "OCMockTests.xctest"
               BlueprintName = "OCMockTests"
               ReferencedContainer = "container:OCMock.xcodeproj">
            </BuildableReference>
         </BuildActionEntry>
      </BuildActionEntries>
   </BuildAction>
   <TestAction
      buildConfiguration = "Debug">
      <Testables>
         <TestableReference>
            <BuildableReference
               BuildableIdentifier = "primary"
               BlueprintIdentifier = "03565A3018F0566E003AE91E"
               BuildableName = "OCMockTests.xctest"
               BlueprintName = "OCMockTests"
               ReferencedContainer = "container:OCMock.xcodeproj">
            </BuildableReference>
            <SkippedTests>
               <Test
                  Identifier = "NSInvocationOCMAdditionsTests">
               </Test>
               <Test
                  Identifier = "NSMethodSignatureOCMAdditionsTests">
               </Test>
               <Test
                  Identifier = "OCMArgTests">
               </Test>
               <Test
                  Identifier = "OCMConstraintTests">
               </Test>
               <Test
                  Identifier = "OCMInvocationMatcherTests">
               </Test>
               <Test
                  Identifier = "OCMStubRecorderTests">
               </Test>
               <Test
                  Identifier = "OCMockForwardingTargetTests">
               </Test>
               <Test
                  Identifier = "OCMockObjectClassMethodMockingTests">
               </Test>
               <Test
                  Identifier = "OCMockObjectHamcrestTests">
               </Test>
               <Test
                  Identifier = "OCMockObjectPartialMocksTests">
               </Test>
               <Test
                  Identifier = "OCMockObjectProtocolMocksTests">
               </Test>
               <Test
                  Identifier = "OCMockObjectRuntimeTests">
               </Test>
               <Test
                  Identifier = "OCMockObjectTests">
               </Test>
               <Test
                  Identifier = "OCMockObjectVerifyAfterRunTests">
               </Test>
               <Test
                  Identifier = "OCObserverMockObjectTest">
               </Test>
            </SkippedTests>
         </TestableReference>
      </Testables>
   </TestAction>
   <LaunchAction
      useCustomWorkingDirectory = "NO">
   </LaunchAction>
</Scheme>
